
Microsoft Visual Studio Solution File, Format Version 12.00
# Visual Studio Version 17
VisualStudioVersion = 17.5.002.0
MinimumVisualStudioVersion = 10.0.40219.1
Project("{9A19103F-16F7-4668-BE54-9A1E7A4F7556}") = "AppLearn", "AppLearn.csproj", "{9EB4800E-A360-4186-8414-9CD1FF622F00}"
EndProject
Global
	GlobalSection(SolutionConfigurationPlatforms) = preSolution
		Debug|Any CPU = Debug|Any CPU
		Release|Any CPU = Release|Any CPU
	EndGlobalSection
	GlobalSection(ProjectConfigurationPlatforms) = postSolution
		{9EB4800E-A360-4186-8414-9CD1FF622F00}.Debug|Any CPU.ActiveCfg = Debug|Any CPU
		{9EB4800E-A360-4186-8414-9CD1FF622F00}.Debug|Any CPU.Build.0 = Debug|Any CPU
		{9EB4800E-A360-4186-8414-9CD1FF622F00}.Release|Any CPU.ActiveCfg = Release|Any CPU
		{9EB4800E-A360-4186-8414-9CD1FF622F00}.Release|Any CPU.Build.0 = Release|Any CPU
	EndGlobalSection
	GlobalSection(SolutionProperties) = preSolution
		HideSolutionNode = FALSE
	EndGlobalSection
	GlobalSection(ExtensibilityGlobals) = postSolution
		SolutionGuid = {5E7C46FF-8D6A-4410-9B44-A1FA7A98BA27}
	EndGlobalSection
EndGlobal
